# This file is automatically @generated by Cargo.
# It is not intended for manual editing.
version = 4

[[package]]
name = "acetone-cli"
version = "0.0.1"
dependencies = [
 "acetone-cypher",
 "acetone-graph",
]

[[package]]
name = "acetone-cypher"
version = "0.0.1"
dependencies = [
 "acetone-graph",
]

[[package]]
name = "acetone-graph"
version = "0.0.1"
dependencies = [
 "acetone-model",
]

[[package]]
name = "acetone-model"
version = "0.0.1"
dependencies = [
 "acetone-prolly",
]

[[package]]
name = "acetone-prolly"
version = "0.0.1"
dependencies = [
 "acetone-store",
]

[[package]]
name = "acetone-store"
version = "0.0.1"
